
Microsoft Visual Studio Solution File, Format Version 12.00
# Visual Studio Version 16
VisualStudioVersion = 16.0.29411.108
MinimumVisualStudioVersion = 10.0.40219.1
Project("{FAE04EC0-301F-11D3-BF4B-00C04F79EFBC}") = "TCPStateServer", "TCPStateServer\TCPStateServer.csproj", "{3BF14F92-FD9E-4643-A21F-060D88DE1F6F}"
EndProject
Project("{9A19103F-16F7-4668-BE54-9A1E7A4F7556}") = "EntityComponentState", "EntityComponentState\EntityComponentState.csproj", "{B6FCDE02-B922-44C6-B7E0-95A6419E829C}"
EndProject
Project("{FAE04EC0-301F-11D3-BF4B-00C04F79EFBC}") = "CSharpNetworking", "CSharpNetworking\CSharpNetworking.csproj", "{0AFCD668-3C02-4E85-A87C-82A85660FA2B}"
EndProject
Project("{FAE04EC0-301F-11D3-BF4B-00C04F79EFBC}") = "TestClient", "TestClient\TestClient.csproj", "{E30105B4-A1C6-445C-B450-8FFFC859F2BF}"
EndProject
Project("{FAE04EC0-301F-11D3-BF4B-00C04F79EFBC}") = "TransformStateLibrary", "TransformState\TransformStateLibrary.csproj", "{1012BC6C-1428-4239-8ADE-04D97DD2E0C4}"
EndProject
Global
	GlobalSection(SolutionConfigurationPlatforms) = preSolution
		Debug|Any CPU = Debug|Any CPU
		Release|Any CPU = Release|Any CPU
	EndGlobalSection
	GlobalSection(ProjectConfigurationPlatforms) = postSolution
		{3BF14F92-FD9E-4643-A21F-060D88DE1F6F}.Debug|Any CPU.ActiveCfg = Debug|Any CPU
		{3BF14F92-FD9E-4643-A21F-060D88DE1F6F}.Debug|Any CPU.Build.0 = Debug|Any CPU
		{3BF14F92-FD9E-4643-A21F-060D88DE1F6F}.Release|Any CPU.ActiveCfg = Release|Any CPU
		{3BF14F92-FD9E-4643-A21F-060D88DE1F6F}.Release|Any CPU.Build.0 = Release|Any CPU
		{B6FCDE02-B922-44C6-B7E0-95A6419E829C}.Debug|Any CPU.ActiveCfg = Debug|Any CPU
		{B6FCDE02-B922-44C6-B7E0-95A6419E829C}.Debug|Any CPU.Build.0 = Debug|Any CPU
		{B6FCDE02-B922-44C6-B7E0-95A6419E829C}.Release|Any CPU.ActiveCfg = Release|Any CPU
		{B6FCDE02-B922-44C6-B7E0-95A6419E829C}.Release|Any CPU.Build.0 = Release|Any CPU
		{0AFCD668-3C02-4E85-A87C-82A85660FA2B}.Debug|Any CPU.ActiveCfg = Debug|Any CPU
		{0AFCD668-3C02-4E85-A87C-82A85660FA2B}.Debug|Any CPU.Build.0 = Debug|Any CPU
		{0AFCD668-3C02-4E85-A87C-82A85660FA2B}.Release|Any CPU.ActiveCfg = Release|Any CPU
		{0AFCD668-3C02-4E85-A87C-82A85660FA2B}.Release|Any CPU.Build.0 = Release|Any CPU
		{E30105B4-A1C6-445C-B450-8FFFC859F2BF}.Debug|Any CPU.ActiveCfg = Debug|Any CPU
		{E30105B4-A1C6-445C-B450-8FFFC859F2BF}.Debug|Any CPU.Build.0 = Debug|Any CPU
		{E30105B4-A1C6-445C-B450-8FFFC859F2BF}.Release|Any CPU.ActiveCfg = Release|Any CPU
		{E30105B4-A1C6-445C-B450-8FFFC859F2BF}.Release|Any CPU.Build.0 = Release|Any CPU
		{1012BC6C-1428-4239-8ADE-04D97DD2E0C4}.Debug|Any CPU.ActiveCfg = Debug|Any CPU
		{1012BC6C-1428-4239-8ADE-04D97DD2E0C4}.Debug|Any CPU.Build.0 = Debug|Any CPU
		{1012BC6C-1428-4239-8ADE-04D97DD2E0C4}.Release|Any CPU.ActiveCfg = Release|Any CPU
		{1012BC6C-1428-4239-8ADE-04D97DD2E0C4}.Release|Any CPU.Build.0 = Release|Any CPU
	EndGlobalSection
	GlobalSection(SolutionProperties) = preSolution
		HideSolutionNode = FALSE
	EndGlobalSection
	GlobalSection(ExtensibilityGlobals) = postSolution
		SolutionGuid = {503E584A-2D7E-42FF-9AFA-F2CD484D39C6}
	EndGlobalSection
EndGlobal
